
Microsoft Visual Studio Solution File, Format Version 12.00
# Visual Studio Version 16
VisualStudioVersion = 16.0.31624.102
MinimumVisualStudioVersion = 10.0.40219.1
Project("{FAE04EC0-301F-11D3-BF4B-00C04F79EFBC}") = "QlikChartReorienter", "QlikChartReorienter.csproj", "{6C9A5953-9DF2-4E55-A46C-19233A56CE66}"
EndProject
Global
	GlobalSection(SolutionConfigurationPlatforms) = preSolution
		Debug|Any CPU = Debug|Any CPU
		Release|Any CPU = Release|Any CPU
	EndGlobalSection
	GlobalSection(ProjectConfigurationPlatforms) = postSolution
		{6C9A5953-9DF2-4E55-A46C-19233A56CE66}.Debug|Any CPU.ActiveCfg = Debug|Any CPU
		{6C9A5953-9DF2-4E55-A46C-19233A56CE66}.Debug|Any CPU.Build.0 = Debug|Any CPU
		{6C9A5953-9DF2-4E55-A46C-19233A56CE66}.Release|Any CPU.ActiveCfg = Release|Any CPU
		{6C9A5953-9DF2-4E55-A46C-19233A56CE66}.Release|Any CPU.Build.0 = Release|Any CPU
	EndGlobalSection
	GlobalSection(SolutionProperties) = preSolution
		HideSolutionNode = FALSE
	EndGlobalSection
	GlobalSection(ExtensibilityGlobals) = postSolution
		SolutionGuid = {3727593D-23A9-4772-82C8-EB2045B9AE61}
	EndGlobalSection
EndGlobal
